
Microsoft Visual Studio Solution File, Format Version 11.00
# Visual C# Express 2010
Project("{FAE04EC0-301F-11D3-BF4B-00C04F79EFBC}") = "Whitfield.Log4Net", "Whitfield.Log4Net.csproj", "{9A556E2C-A9BE-4CD3-8D92-9D7A71BF7CEB}"
EndProject
Global
	GlobalSection(SolutionConfigurationPlatforms) = preSolution
		Debug|Any CPU = Debug|Any CPU
		Release|Any CPU = Release|Any CPU
	EndGlobalSection
	GlobalSection(ProjectConfigurationPlatforms) = postSolution
		{9A556E2C-A9BE-4CD3-8D92-9D7A71BF7CEB}.Debug|Any CPU.ActiveCfg = Debug|Any CPU
		{9A556E2C-A9BE-4CD3-8D92-9D7A71BF7CEB}.Debug|Any CPU.Build.0 = Debug|Any CPU
		{9A556E2C-A9BE-4CD3-8D92-9D7A71BF7CEB}.Release|Any CPU.ActiveCfg = Release|Any CPU
		{9A556E2C-A9BE-4CD3-8D92-9D7A71BF7CEB}.Release|Any CPU.Build.0 = Release|Any CPU
	EndGlobalSection
	GlobalSection(SolutionProperties) = preSolution
		HideSolutionNode = FALSE
	EndGlobalSection
EndGlobal
